
Microsoft Visual Studio Solution File, Format Version 12.00
# Visual Studio 15
VisualStudioVersion = 15.0.28307.329
MinimumVisualStudioVersion = 10.0.40219.1
Project("{FAE04EC0-301F-11D3-BF4B-00C04F79EFBC}") = "KeepEvent.WebUI", "KeepEvent.WebUI\KeepEvent.WebUI.csproj", "{DCEDBCAA-EC6E-46BF-B7CF-FA0D9D3F25B5}"
EndProject
Project("{FAE04EC0-301F-11D3-BF4B-00C04F79EFBC}") = "KeepEvent.DAL", "KeepEvent.DAL\KeepEvent.DAL.csproj", "{3574550B-7B23-4986-A1A8-FC3E34989B4F}"
EndProject
Project("{FAE04EC0-301F-11D3-BF4B-00C04F79EFBC}") = "KeepEvent.BOL", "KeepEvent.BOL\KeepEvent.BOL.csproj", "{863C57DC-A760-4C92-918C-8F8417908F68}"
EndProject
Project("{FAE04EC0-301F-11D3-BF4B-00C04F79EFBC}") = "KeepEvent.BLL", "KeepEvent.BLL\KeepEvent.BLL.csproj", "{0198FC10-9351-4F2E-A46A-1F3CECFCCC30}"
EndProject
Global
	GlobalSection(SolutionConfigurationPlatforms) = preSolution
		Debug|Any CPU = Debug|Any CPU
		Release|Any CPU = Release|Any CPU
	EndGlobalSection
	GlobalSection(ProjectConfigurationPlatforms) = postSolution
		{DCEDBCAA-EC6E-46BF-B7CF-FA0D9D3F25B5}.Debug|Any CPU.ActiveCfg = Debug|Any CPU
		{DCEDBCAA-EC6E-46BF-B7CF-FA0D9D3F25B5}.Debug|Any CPU.Build.0 = Debug|Any CPU
		{DCEDBCAA-EC6E-46BF-B7CF-FA0D9D3F25B5}.Release|Any CPU.ActiveCfg = Release|Any CPU
		{DCEDBCAA-EC6E-46BF-B7CF-FA0D9D3F25B5}.Release|Any CPU.Build.0 = Release|Any CPU
		{3574550B-7B23-4986-A1A8-FC3E34989B4F}.Debug|Any CPU.ActiveCfg = Debug|Any CPU
		{3574550B-7B23-4986-A1A8-FC3E34989B4F}.Debug|Any CPU.Build.0 = Debug|Any CPU
		{3574550B-7B23-4986-A1A8-FC3E34989B4F}.Release|Any CPU.ActiveCfg = Release|Any CPU
		{3574550B-7B23-4986-A1A8-FC3E34989B4F}.Release|Any CPU.Build.0 = Release|Any CPU
		{863C57DC-A760-4C92-918C-8F8417908F68}.Debug|Any CPU.ActiveCfg = Debug|Any CPU
		{863C57DC-A760-4C92-918C-8F8417908F68}.Debug|Any CPU.Build.0 = Debug|Any CPU
		{863C57DC-A760-4C92-918C-8F8417908F68}.Release|Any CPU.ActiveCfg = Release|Any CPU
		{863C57DC-A760-4C92-918C-8F8417908F68}.Release|Any CPU.Build.0 = Release|Any CPU
		{0198FC10-9351-4F2E-A46A-1F3CECFCCC30}.Debug|Any CPU.ActiveCfg = Debug|Any CPU
		{0198FC10-9351-4F2E-A46A-1F3CECFCCC30}.Debug|Any CPU.Build.0 = Debug|Any CPU
		{0198FC10-9351-4F2E-A46A-1F3CECFCCC30}.Release|Any CPU.ActiveCfg = Release|Any CPU
		{0198FC10-9351-4F2E-A46A-1F3CECFCCC30}.Release|Any CPU.Build.0 = Release|Any CPU
	EndGlobalSection
	GlobalSection(SolutionProperties) = preSolution
		HideSolutionNode = FALSE
	EndGlobalSection
	GlobalSection(ExtensibilityGlobals) = postSolution
		SolutionGuid = {18658DB1-0938-497B-B0BB-6F8BA5885849}
	EndGlobalSection
EndGlobal
